{
  "nodes": {
    "nixpkgs": {
      "locked": {
        "lastModified": 1779475168,
        "narHash": "sha256-gm3D4FF9EcZlXK/ZnsC6IYzpEQplOoT+LPTurzOPyrk=",
        "owner": "NixOS",
        "repo": "nixpkgs",
        "rev": "a0991c886dc83e6e9de01d5266e4842985b1850e",
        "type": "github"
      },
      "original": {
        "owner": "NixOS",
        "ref": "nixpkgs-unstable",
        "repo": "nixpkgs",
        "type": "github"
      }
    },
    "root": {
      "inputs": {
        "nixpkgs": "nixpkgs",
        "sbarlua": "sbarlua"
      }
    },
    "sbarlua": {
      "flake": false,
      "locked": {
        "lastModified": 1772774660,
        "narHash": "sha256-lhLTrdufA3ALJ2S5HLdgNOr5seWIWEHkVhZNPObzbvI=",
        "owner": "FelixKratz",
        "repo": "SbarLua",
        "rev": "dba9cc421b868c918d5c23c408544a28aadf2f2f",
        "type": "github"
      },
      "original": {
        "owner": "FelixKratz",
        "repo": "SbarLua",
        "type": "github"
      }
    }
  },
  "root": "root",
  "version": 7
}
